{
  "pins" : [
    {
      "identity" : "mmmcommoncore",
      "kind" : "remoteSourceControl",
      "location" : "https://github.com/mediamonks/MMMCommonCore",
      "state" : {
        "revision" : "7cd1e1bd713d78cd156b487942b072c4ffc8b161",
        "version" : "1.8.4"
      }
    },
    {
      "identity" : "swift-argument-parser",
      "kind" : "remoteSourceControl",
      "location" : "https://github.com/apple/swift-argument-parser.git",
      "state" : {
        "revision" : "82905286cc3f0fa8adc4674bf49437cab65a8373",
        "version" : "1.1.1"
      }
    }
  ],
  "version" : 2
}
